
Microsoft Visual Studio Solution File, Format Version 12.00
# Visual Studio Version 16
VisualStudioVersion = 16.0.32002.261
MinimumVisualStudioVersion = 10.0.40219.1
Project("{FAE04EC0-301F-11D3-BF4B-00C04F79EFBC}") = "L010_原則に従っている例_抽象クラス", "リスコフの置換原則\L010_原則に従っている例_抽象クラス.csproj", "{FB0B948F-C42A-44DE-B35B-ADE0F6361000}"
EndProject
Project("{FAE04EC0-301F-11D3-BF4B-00C04F79EFBC}") = "L020_原則に従っている例_インターフェース", "L020\L020_原則に従っている例_インターフェース.csproj", "{5D52F006-8CFA-4029-82D3-151CE16F61EA}"
EndProject
Project("{FAE04EC0-301F-11D3-BF4B-00C04F79EFBC}") = "L030", "L030\L030.csproj", "{1FB4ACB4-877A-48A1-BA90-8382E4746B35}"
EndProject
Global
	GlobalSection(SolutionConfigurationPlatforms) = preSolution
		Debug|Any CPU = Debug|Any CPU
		Release|Any CPU = Release|Any CPU
	EndGlobalSection
	GlobalSection(ProjectConfigurationPlatforms) = postSolution
		{FB0B948F-C42A-44DE-B35B-ADE0F6361000}.Debug|Any CPU.ActiveCfg = Debug|Any CPU
		{FB0B948F-C42A-44DE-B35B-ADE0F6361000}.Debug|Any CPU.Build.0 = Debug|Any CPU
		{FB0B948F-C42A-44DE-B35B-ADE0F6361000}.Release|Any CPU.ActiveCfg = Release|Any CPU
		{FB0B948F-C42A-44DE-B35B-ADE0F6361000}.Release|Any CPU.Build.0 = Release|Any CPU
		{5D52F006-8CFA-4029-82D3-151CE16F61EA}.Debug|Any CPU.ActiveCfg = Debug|Any CPU
		{5D52F006-8CFA-4029-82D3-151CE16F61EA}.Debug|Any CPU.Build.0 = Debug|Any CPU
		{5D52F006-8CFA-4029-82D3-151CE16F61EA}.Release|Any CPU.ActiveCfg = Release|Any CPU
		{5D52F006-8CFA-4029-82D3-151CE16F61EA}.Release|Any CPU.Build.0 = Release|Any CPU
		{1FB4ACB4-877A-48A1-BA90-8382E4746B35}.Debug|Any CPU.ActiveCfg = Debug|Any CPU
		{1FB4ACB4-877A-48A1-BA90-8382E4746B35}.Debug|Any CPU.Build.0 = Debug|Any CPU
		{1FB4ACB4-877A-48A1-BA90-8382E4746B35}.Release|Any CPU.ActiveCfg = Release|Any CPU
		{1FB4ACB4-877A-48A1-BA90-8382E4746B35}.Release|Any CPU.Build.0 = Release|Any CPU
	EndGlobalSection
	GlobalSection(SolutionProperties) = preSolution
		HideSolutionNode = FALSE
	EndGlobalSection
	GlobalSection(ExtensibilityGlobals) = postSolution
		SolutionGuid = {63BFC48F-2817-47FD-90F3-952760ACF3AB}
	EndGlobalSection
EndGlobal
